# This file is automatically @generated by Poetry 1.8.2 and should not be changed by hand.

[[package]]
name = "adhan"
version = "0.1.1"
description = "Python library for computing adhan times"
optional = false
python-versions = "*"
files = [
    {file = "adhan-0.1.1.tar.gz", hash = "sha256:05d6aef77dcf4be4d17dac258bd6c23ad15625f34d695ea0fdf4cdfc08629468"},
]

[metadata]
lock-version = "2.0"
python-versions = "^3.11"
content-hash = "42c2377e1e098158049526af1ac4011cd1d7a5a4d690e19802a09a1dd447b4c1"
